
Microsoft Visual Studio Solution File, Format Version 12.00
# Visual Studio Version 17
VisualStudioVersion = 17.3.32929.385
MinimumVisualStudioVersion = 10.0.40219.1
Project("{FAE04EC0-301F-11D3-BF4B-00C04F79EFBC}") = "prime numbers", "prime numbers\prime numbers.csproj", "{3D253C17-3F06-4FCC-82D9-4CFD5A84691F}"
EndProject
Global
	GlobalSection(SolutionConfigurationPlatforms) = preSolution
		Debug|Any CPU = Debug|Any CPU
		Release|Any CPU = Release|Any CPU
	EndGlobalSection
	GlobalSection(ProjectConfigurationPlatforms) = postSolution
		{3D253C17-3F06-4FCC-82D9-4CFD5A84691F}.Debug|Any CPU.ActiveCfg = Debug|Any CPU
		{3D253C17-3F06-4FCC-82D9-4CFD5A84691F}.Debug|Any CPU.Build.0 = Debug|Any CPU
		{3D253C17-3F06-4FCC-82D9-4CFD5A84691F}.Release|Any CPU.ActiveCfg = Release|Any CPU
		{3D253C17-3F06-4FCC-82D9-4CFD5A84691F}.Release|Any CPU.Build.0 = Release|Any CPU
	EndGlobalSection
	GlobalSection(SolutionProperties) = preSolution
		HideSolutionNode = FALSE
	EndGlobalSection
	GlobalSection(ExtensibilityGlobals) = postSolution
		SolutionGuid = {11FA5CF3-3599-4C21-8E7B-1BA310FE2F05}
	EndGlobalSection
EndGlobal
